// !$*UTF8*$!
{
	archiveVersion = 1;
	classes = {
	};
	objectVersion = 46;
	objects = {

/* Begin PBXBuildFile section */
		3B6CC1A574F33E2C4A8736ED /* Pods_AnotherWeatherApp.framework in Frameworks */ = {isa = PBXBuildFile; fileRef = 970DF8F893A52581F29CD46C /* Pods_AnotherWeatherApp.framework */; };
		435C06831F45F73E00D742FD /* AppDelegate.swift in Sources */ = {isa = PBXBuildFile; fileRef = 435C06821F45F73E00D742FD /* AppDelegate.swift */; };
		435C06851F45F73E00D742FD /* ViewController.swift in Sources */ = {isa = PBXBuildFile; fileRef = 435C06841F45F73E00D742FD /* ViewController.swift */; };
		435C06881F45F73E00D742FD /* Main.storyboard in Resources */ = {isa = PBXBuildFile; fileRef = 435C06861F45F73E00D742FD /* Main.storyboard */; };
		435C068A1F45F73E00D742FD /* Assets.xcassets in Resources */ = {isa = PBXBuildFile; fileRef = 435C06891F45F73E00D742FD /* Assets.xcassets */; };
		435C068D1F45F73E00D742FD /* LaunchScreen.storyboard in Resources */ = {isa = PBXBuildFile; fileRef = 435C068B1F45F73E00D742FD /* LaunchScreen.storyboard */; };
		435C06971F45FE1300D742FD /* WeatherApi.swift in Sources */ = {isa = PBXBuildFile; fileRef = 435C06961F45FE1300D742FD /* WeatherApi.swift */; };
		435C06991F45FE3F00D742FD /* Weather.swift in Sources */ = {isa = PBXBuildFile; fileRef = 435C06981F45FE3F00D742FD /* Weather.swift */; };
/* End PBXBuildFile section */

/* Begin PBXFileReference section */
		435C067F1F45F73E00D742FD /* AnotherWeatherApp.app */ = {isa = PBXFileReference; explicitFileType = wrapper.application; includeInIndex = 0; path = AnotherWeatherApp.app; sourceTree = BUILT_PRODUCTS_DIR; };
		435C06821F45F73E00D742FD /* AppDelegate.swift */ = {isa = PBXFileReference; lastKnownFileType = sourcecode.swift; path = AppDelegate.swift; sourceTree = "<group>"; };
		435C06841F45F73E00D742FD /* ViewController.swift */ = {isa = PBXFileReference; lastKnownFileType = sourcecode.swift; path = ViewController.swift; sourceTree = "<group>"; };
		435C06871F45F73E00D742FD /* Base */ = {isa = PBXFileReference; lastKnownFileType = file.storyboard; name = Base; path = Base.lproj/Main.storyboard; sourceTree = "<group>"; };
		435C06891F45F73E00D742FD /* Assets.xcassets */ = {isa = PBXFileReference; lastKnownFileType = folder.assetcatalog; path = Assets.xcassets; sourceTree = "<group>"; };
		435C068C1F45F73E00D742FD /* Base */ = {isa = PBXFileReference; lastKnownFileType = file.storyboard; name = Base; path = Base.lproj/LaunchScreen.storyboard; sourceTree = "<group>"; };
		435C068E1F45F73E00D742FD /* Info.plist */ = {isa = PBXFileReference; lastKnownFileType = text.plist.xml; path = Info.plist; sourceTree = "<group>"; };
		435C06961F45FE1300D742FD /* WeatherApi.swift */ = {isa = PBXFileReference; fileEncoding = 4; lastKnownFileType = sourcecode.swift; path = WeatherApi.swift; sourceTree = "<group>"; };
		435C06981F45FE3F00D742FD /* Weather.swift */ = {isa = PBXFileReference; fileEncoding = 4; lastKnownFileType = sourcecode.swift; path = Weather.swift; sourceTree = "<group>"; };
		65E7E3B0EE74FBCD3554DD85 /* Pods-AnotherWeatherApp.debug.xcconfig */ = {isa = PBXFileReference; includeInIndex = 1; lastKnownFileType = text.xcconfig; name = "Pods-AnotherWeatherApp.debug.xcconfig"; path = "Pods/Target Support Files/Pods-AnotherWeatherApp/Pods-AnotherWeatherApp.debug.xcconfig"; sourceTree = "<group>"; };
		970DF8F893A52581F29CD46C /* Pods_AnotherWeatherApp.framework */ = {isa = PBXFileReference; explicitFileType = wrapper.framework; includeInIndex = 0; path = Pods_AnotherWeatherApp.framework; sourceTree = BUILT_PRODUCTS_DIR; };
		E0DA10CC069DDD3BF484BBA7 /* Pods-AnotherWeatherApp.release.xcconfig */ = {isa = PBXFileReference; includeInIndex = 1; lastKnownFileType = text.xcconfig; name = "Pods-AnotherWeatherApp.release.xcconfig"; path = "Pods/Target Support Files/Pods-AnotherWeatherApp/Pods-AnotherWeatherApp.release.xcconfig"; sourceTree = "<group>"; };
/* End PBXFileReference section */

/* Begin PBXFrameworksBuildPhase section */
		435C067C1F45F73E00D742FD /* Frameworks */ = {
			isa = PBXFrameworksBuildPhase;
			buildActionMask = 2147483647;
			files = (
				3B6CC1A574F33E2C4A8736ED /* Pods_AnotherWeatherApp.framework in Frameworks */,
			);
			runOnlyForDeploymentPostprocessing = 0;
		};
/* End PBXFrameworksBuildPhase section */

/* Begin PBXGroup section */
		435C06761F45F73E00D742FD = {
			isa = PBXGroup;
			children = (
				435C06811F45F73E00D742FD /* AnotherWeatherApp */,
				435C06801F45F73E00D742FD /* Products */,
				AAEC8D0DAE01E5F53FA0E86F /* Pods */,
				D821170D33545B87489C1329 /* Frameworks */,
			);
			sourceTree = "<group>";
		};
		435C06801F45F73E00D742FD /* Products */ = {
			isa = PBXGroup;
			children = (
				435C067F1F45F73E00D742FD /* AnotherWeatherApp.app */,
			);
			name = Products;
			sourceTree = "<group>";
		};
		435C06811F45F73E00D742FD /* AnotherWeatherApp */ = {
			isa = PBXGroup;
			children = (
				435C06951F45FDC400D742FD /* Model */,
				435C06941F45FDBB00D742FD /* API */,
				435C06821F45F73E00D742FD /* AppDelegate.swift */,
				435C06841F45F73E00D742FD /* ViewController.swift */,
				435C06861F45F73E00D742FD /* Main.storyboard */,
				435C06891F45F73E00D742FD /* Assets.xcassets */,
				435C068B1F45F73E00D742FD /* LaunchScreen.storyboard */,
				435C068E1F45F73E00D742FD /* Info.plist */,
			);
			path = AnotherWeatherApp;
			sourceTree = "<group>";
		};
		435C06941F45FDBB00D742FD /* API */ = {
			isa = PBXGroup;
			children = (
				435C06961F45FE1300D742FD /* WeatherApi.swift */,
			);
			name = API;
			sourceTree = "<group>";
		};
		435C06951F45FDC400D742FD /* Model */ = {
			isa = PBXGroup;
			children = (
				435C06981F45FE3F00D742FD /* Weather.swift */,
			);
			name = Model;
			sourceTree = "<group>";
		};
		AAEC8D0DAE01E5F53FA0E86F /* Pods */ = {
			isa = PBXGroup;
			children = (
				65E7E3B0EE74FBCD3554DD85 /* Pods-AnotherWeatherApp.debug.xcconfig */,
				E0DA10CC069DDD3BF484BBA7 /* Pods-AnotherWeatherApp.release.xcconfig */,
			);
			name = Pods;
			sourceTree = "<group>";
		};
		D821170D33545B87489C1329 /* Frameworks */ = {
			isa = PBXGroup;
			children = (
				970DF8F893A52581F29CD46C /* Pods_AnotherWeatherApp.framework */,
			);
			name = Frameworks;
			sourceTree = "<group>";
		};
/* End PBXGroup section */

/* Begin PBXNativeTarget section */
		435C067E1F45F73E00D742FD /* AnotherWeatherApp */ = {
			isa = PBXNativeTarget;
			buildConfigurationList = 435C06911F45F73E00D742FD /* Build configuration list for PBXNativeTarget "AnotherWeatherApp" */;
			buildPhases = (
				F96AD21624C0D7894EA157A3 /* [CP] Check Pods Manifest.lock */,
				435C067B1F45F73E00D742FD /* Sources */,
				435C067C1F45F73E00D742FD /* Frameworks */,
				435C067D1F45F73E00D742FD /* Resources */,
				04544B693B9D5763D014AFD5 /* [CP] Embed Pods Frameworks */,
				D6C352815E50585C30542B08 /* [CP] Copy Pods Resources */,
			);
			buildRules = (
			);
			dependencies = (
			);
			name = AnotherWeatherApp;
			productName = AnotherWeatherApp;
			productReference = 435C067F1F45F73E00D742FD /* AnotherWeatherApp.app */;
			productType = "com.apple.product-type.application";
		};
/* End PBXNativeTarget section */

/* Begin PBXProject section */
		435C06771F45F73E00D742FD /* Project object */ = {
			isa = PBXProject;
			attributes = {
				LastSwiftUpdateCheck = 0830;
				LastUpgradeCheck = 0830;
				ORGANIZATIONNAME = SwiftMN;
				TargetAttributes = {
					435C067E1F45F73E00D742FD = {
						CreatedOnToolsVersion = 8.3.3;
						DevelopmentTeam = DM75P97468;
						ProvisioningStyle = Automatic;
					};
				};
			};
			buildConfigurationList = 435C067A1F45F73E00D742FD /* Build configuration list for PBXProject "AnotherWeatherApp" */;
			compatibilityVersion = "Xcode 3.2";
			developmentRegion = English;
			hasScannedForEncodings = 0;
			knownRegions = (
				en,
				Base,
			);
			mainGroup = 435C06761F45F73E00D742FD;
			productRefGroup = 435C06801F45F73E00D742FD /* Products */;
			projectDirPath = "";
			projectRoot = "";
			targets = (
				435C067E1F45F73E00D742FD /* AnotherWeatherApp */,
			);
		};
/* End PBXProject section */

/* Begin PBXResourcesBuildPhase section */
		435C067D1F45F73E00D742FD /* Resources */ = {
			isa = PBXResourcesBuildPhase;
			buildActionMask = 2147483647;
			files = (
				435C068D1F45F73E00D742FD /* LaunchScreen.storyboard in Resources */,
				435C068A1F45F73E00D742FD /* Assets.xcassets in Resources */,
				435C06881F45F73E00D742FD /* Main.storyboard in Resources */,
			);
			runOnlyForDeploymentPostprocessing = 0;
		};
/* End PBXResourcesBuildPhase section */

/* Begin PBXShellScriptBuildPhase section */
		04544B693B9D5763D014AFD5 /* [CP] Embed Pods Frameworks */ = {
			isa = PBXShellScriptBuildPhase;
			buildActionMask = 2147483647;
			files = (
			);
			inputPaths = (
				"${SRCROOT}/Pods/Target Support Files/Pods-AnotherWeatherApp/Pods-AnotherWeatherApp-frameworks.sh",
				"${BUILT_PRODUCTS_DIR}/RxCocoa/RxCocoa.framework",
				"${BUILT_PRODUCTS_DIR}/RxSwift/RxSwift.framework",
				"${BUILT_PRODUCTS_DIR}/SwiftyJSON/SwiftyJSON.framework",
			);
			name = "[CP] Embed Pods Frameworks";
			outputPaths = (
				"${TARGET_BUILD_DIR}/${FRAMEWORKS_FOLDER_PATH}/RxCocoa.framework",
				"${TARGET_BUILD_DIR}/${FRAMEWORKS_FOLDER_PATH}/RxSwift.framework",
				"${TARGET_BUILD_DIR}/${FRAMEWORKS_FOLDER_PATH}/SwiftyJSON.framework",
			);
			runOnlyForDeploymentPostprocessing = 0;
			shellPath = /bin/sh;
			shellScript = "\"${SRCROOT}/Pods/Target Support Files/Pods-AnotherWeatherApp/Pods-AnotherWeatherApp-frameworks.sh\"\n";
			showEnvVarsInLog = 0;
		};
		D6C352815E50585C30542B08 /* [CP] Copy Pods Resources */ = {
			isa = PBXShellScriptBuildPhase;
			buildActionMask = 2147483647;
			files = (
			);
			inputPaths = (
			);
			name = "[CP] Copy Pods Resources";
			outputPaths = (
			);
			runOnlyForDeploymentPostprocessing = 0;
			shellPath = /bin/sh;
			shellScript = "\"${SRCROOT}/Pods/Target Support Files/Pods-AnotherWeatherApp/Pods-AnotherWeatherApp-resources.sh\"\n";
			showEnvVarsInLog = 0;
		};
		F96AD21624C0D7894EA157A3 /* [CP] Check Pods Manifest.lock */ = {
			isa = PBXShellScriptBuildPhase;
			buildActionMask = 2147483647;
			files = (
			);
			inputPaths = (
				"${PODS_PODFILE_DIR_PATH}/Podfile.lock",
				"${PODS_ROOT}/Manifest.lock",
			);
			name = "[CP] Check Pods Manifest.lock";
			outputPaths = (
				"$(DERIVED_FILE_DIR)/Pods-AnotherWeatherApp-checkManifestLockResult.txt",
			);
			runOnlyForDeploymentPostprocessing = 0;
			shellPath = /bin/sh;
			shellScript = "diff \"${PODS_PODFILE_DIR_PATH}/Podfile.lock\" \"${PODS_ROOT}/Manifest.lock\" > /dev/null\nif [ $? != 0 ] ; then\n    # print error to STDERR\n    echo \"error: The sandbox is not in sync with the Podfile.lock. Run 'pod install' or update your CocoaPods installation.\" >&2\n    exit 1\nfi\n# This output is used by Xcode 'outputs' to avoid re-running this script phase.\necho \"SUCCESS\" > \"${SCRIPT_OUTPUT_FILE_0}\"\n";
			showEnvVarsInLog = 0;
		};
/* End PBXShellScriptBuildPhase section */

/* Begin PBXSourcesBuildPhase section */
		435C067B1F45F73E00D742FD /* Sources */ = {
			isa = PBXSourcesBuildPhase;
			buildActionMask = 2147483647;
			files = (
				435C06991F45FE3F00D742FD /* Weather.swift in Sources */,
				435C06851F45F73E00D742FD /* ViewController.swift in Sources */,
				435C06831F45F73E00D742FD /* AppDelegate.swift in Sources */,
				435C06971F45FE1300D742FD /* WeatherApi.swift in Sources */,
			);
			runOnlyForDeploymentPostprocessing = 0;
		};
/* End PBXSourcesBuildPhase section */

/* Begin PBXVariantGroup section */
		435C06861F45F73E00D742FD /* Main.storyboard */ = {
			isa = PBXVariantGroup;
			children = (
				435C06871F45F73E00D742FD /* Base */,
			);
			name = Main.storyboard;
			sourceTree = "<group>";
		};
		435C068B1F45F73E00D742FD /* LaunchScreen.storyboard */ = {
			isa = PBXVariantGroup;
			children = (
				435C068C1F45F73E00D742FD /* Base */,
			);
			name = LaunchScreen.storyboard;
			sourceTree = "<group>";
		};
/* End PBXVariantGroup section */

/* Begin XCBuildConfiguration section */
		435C068F1F45F73E00D742FD /* Debug */ = {
			isa = XCBuildConfiguration;
			buildSettings = {
				ALWAYS_SEARCH_USER_PATHS = NO;
				CLANG_ANALYZER_NONNULL = YES;
				CLANG_ANALYZER_NUMBER_OBJECT_CONVERSION = YES_AGGRESSIVE;
				CLANG_CXX_LANGUAGE_STANDARD = "gnu++0x";
				CLANG_CXX_LIBRARY = "libc++";
				CLANG_ENABLE_MODULES = YES;
				CLANG_ENABLE_OBJC_ARC = YES;
				CLANG_WARN_BOOL_CONVERSION = YES;
				CLANG_WARN_CONSTANT_CONVERSION = YES;
				CLANG_WARN_DIRECT_OBJC_ISA_USAGE = YES_ERROR;
				CLANG_WARN_DOCUMENTATION_COMMENTS = YES;
				CLANG_WARN_EMPTY_BODY = YES;
				CLANG_WARN_ENUM_CONVERSION = YES;
				CLANG_WARN_INFINITE_RECURSION = YES;
				CLANG_WARN_INT_CONVERSION = YES;
				CLANG_WARN_OBJC_ROOT_CLASS = YES_ERROR;
				CLANG_WARN_SUSPICIOUS_MOVE = YES;
				CLANG_WARN_UNREACHABLE_CODE = YES;
				CLANG_WARN__DUPLICATE_METHOD_MATCH = YES;
				"CODE_SIGN_IDENTITY[sdk=iphoneos*]" = "iPhone Developer";
				COPY_PHASE_STRIP = NO;
				DEBUG_INFORMATION_FORMAT = dwarf;
				ENABLE_STRICT_OBJC_MSGSEND = YES;
				ENABLE_TESTABILITY = YES;
				GCC_C_LANGUAGE_STANDARD = gnu99;
				GCC_DYNAMIC_NO_PIC = NO;
				GCC_NO_COMMON_BLOCKS = YES;
				GCC_OPTIMIZATION_LEVEL = 0;
				GCC_PREPROCESSOR_DEFINITIONS = (
					"DEBUG=1",
					"$(inherited)",
				);
				GCC_WARN_64_TO_32_BIT_CONVERSION = YES;
				GCC_WARN_ABOUT_RETURN_TYPE = YES_ERROR;
				GCC_WARN_UNDECLARED_SELECTOR = YES;
				GCC_WARN_UNINITIALIZED_AUTOS = YES_AGGRESSIVE;
				GCC_WARN_UNUSED_FUNCTION = YES;
				GCC_WARN_UNUSED_VARIABLE = YES;
				IPHONEOS_DEPLOYMENT_TARGET = 10.3;
				MTL_ENABLE_DEBUG_INFO = YES;
				ONLY_ACTIVE_ARCH = YES;
				SDKROOT = iphoneos;
				SWIFT_ACTIVE_COMPILATION_CONDITIONS = DEBUG;
				SWIFT_OPTIMIZATION_LEVEL = "-Onone";
			};
			name = Debug;
		};
		435C06901F45F73E00D742FD /* Release */ = {
			isa = XCBuildConfiguration;
			buildSettings = {
				ALWAYS_SEARCH_USER_PATHS = NO;
				CLANG_ANALYZER_NONNULL = YES;
				CLANG_ANALYZER_NUMBER_OBJECT_CONVERSION = YES_AGGRESSIVE;
				CLANG_CXX_LANGUAGE_STANDARD = "gnu++0x";
				CLANG_CXX_LIBRARY = "libc++";
				CLANG_ENABLE_MODULES = YES;
				CLANG_ENABLE_OBJC_ARC = YES;
				CLANG_WARN_BOOL_CONVERSION = YES;
				CLANG_WARN_CONSTANT_CONVERSION = YES;
				CLANG_WARN_DIRECT_OBJC_ISA_USAGE = YES_ERROR;
				CLANG_WARN_DOCUMENTATION_COMMENTS = YES;
				CLANG_WARN_EMPTY_BODY = YES;
				CLANG_WARN_ENUM_CONVERSION = YES;
				CLANG_WARN_INFINITE_RECURSION = YES;
				CLANG_WARN_INT_CONVERSION = YES;
				CLANG_WARN_OBJC_ROOT_CLASS = YES_ERROR;
				CLANG_WARN_SUSPICIOUS_MOVE = YES;
				CLANG_WARN_UNREACHABLE_CODE = YES;
				CLANG_WARN__DUPLICATE_METHOD_MATCH = YES;
				"CODE_SIGN_IDENTITY[sdk=iphoneos*]" = "iPhone Developer";
				COPY_PHASE_STRIP = NO;
				DEBUG_INFORMATION_FORMAT = "dwarf-with-dsym";
				ENABLE_NS_ASSERTIONS = NO;
				ENABLE_STRICT_OBJC_MSGSEND = YES;
				GCC_C_LANGUAGE_STANDARD = gnu99;
				GCC_NO_COMMON_BLOCKS = YES;
				GCC_WARN_64_TO_32_BIT_CONVERSION = YES;
				GCC_WARN_ABOUT_RETURN_TYPE = YES_ERROR;
				GCC_WARN_UNDECLARED_SELECTOR = YES;
				GCC_WARN_UNINITIALIZED_AUTOS = YES_AGGRESSIVE;
				GCC_WARN_UNUSED_FUNCTION = YES;
				GCC_WARN_UNUSED_VARIABLE = YES;
				IPHONEOS_DEPLOYMENT_TARGET = 10.3;
				MTL_ENABLE_DEBUG_INFO = NO;
				SDKROOT = iphoneos;
				SWIFT_OPTIMIZATION_LEVEL = "-Owholemodule";
				VALIDATE_PRODUCT = YES;
			};
			name = Release;
		};
		435C06921F45F73E00D742FD /* Debug */ = {
			isa = XCBuildConfiguration;
			baseConfigurationReference = 65E7E3B0EE74FBCD3554DD85 /* Pods-AnotherWeatherApp.debug.xcconfig */;
			buildSettings = {
				ASSETCATALOG_COMPILER_APPICON_NAME = AppIcon;
				DEVELOPMENT_TEAM = DM75P97468;
				INFOPLIST_FILE = AnotherWeatherApp/Info.plist;
				LD_RUNPATH_SEARCH_PATHS = "$(inherited) @executable_path/Frameworks";
				PRODUCT_BUNDLE_IDENTIFIER = SwiftMN.AnotherWeatherApp;
				PRODUCT_NAME = "$(TARGET_NAME)";
				SWIFT_VERSION = 3.0;
			};
			name = Debug;
		};
		435C06931F45F73E00D742FD /* Release */ = {
			isa = XCBuildConfiguration;
			baseConfigurationReference = E0DA10CC069DDD3BF484BBA7 /* Pods-AnotherWeatherApp.release.xcconfig */;
			buildSettings = {
				ASSETCATALOG_COMPILER_APPICON_NAME = AppIcon;
				DEVELOPMENT_TEAM = DM75P97468;
				INFOPLIST_FILE = AnotherWeatherApp/Info.plist;
				LD_RUNPATH_SEARCH_PATHS = "$(inherited) @executable_path/Frameworks";
				PRODUCT_BUNDLE_IDENTIFIER = SwiftMN.AnotherWeatherApp;
				PRODUCT_NAME = "$(TARGET_NAME)";
				SWIFT_VERSION = 3.0;
			};
			name = Release;
		};
/* End XCBuildConfiguration section */

/* Begin XCConfigurationList section */
		435C067A1F45F73E00D742FD /* Build configuration list for PBXProject "AnotherWeatherApp" */ = {
			isa = XCConfigurationList;
			buildConfigurations = (
				435C068F1F45F73E00D742FD /* Debug */,
				435C06901F45F73E00D742FD /* Release */,
			);
			defaultConfigurationIsVisible = 0;
			defaultConfigurationName = Release;
		};
		435C06911F45F73E00D742FD /* Build configuration list for PBXNativeTarget "AnotherWeatherApp" */ = {
			isa = XCConfigurationList;
			buildConfigurations = (
				435C06921F45F73E00D742FD /* Debug */,
				435C06931F45F73E00D742FD /* Release */,
			);
			defaultConfigurationIsVisible = 0;
		};
/* End XCConfigurationList section */
	};
	rootObject = 435C06771F45F73E00D742FD /* Project object */;
}
