// !$*UTF8*$!
{
	archiveVersion = 1;
	classes = {
	};
	objectVersion = 46;
	objects = {

/* Begin PBXBuildFile section */
		43250F461E96D69900CB2A89 /* AppDelegate.swift in Sources */ = {isa = PBXBuildFile; fileRef = 43250F451E96D69900CB2A89 /* AppDelegate.swift */; };
		43250F4B1E96D69900CB2A89 /* Main.storyboard in Resources */ = {isa = PBXBuildFile; fileRef = 43250F491E96D69900CB2A89 /* Main.storyboard */; };
		43250F4D1E96D69900CB2A89 /* Assets.xcassets in Resources */ = {isa = PBXBuildFile; fileRef = 43250F4C1E96D69900CB2A89 /* Assets.xcassets */; };
		43250F501E96D69900CB2A89 /* LaunchScreen.storyboard in Resources */ = {isa = PBXBuildFile; fileRef = 43250F4E1E96D69900CB2A89 /* LaunchScreen.storyboard */; };
		B60801CBAD38F61D99EFD7E0 /* Pods_OpenSwift.framework in Frameworks */ = {isa = PBXBuildFile; fileRef = 8AB40CB2C1A02C6E7BC87DFF /* Pods_OpenSwift.framework */; };
/* End PBXBuildFile section */

/* Begin PBXFileReference section */
		43250F421E96D69900CB2A89 /* OpenSwift.app */ = {isa = PBXFileReference; explicitFileType = wrapper.application; includeInIndex = 0; path = OpenSwift.app; sourceTree = BUILT_PRODUCTS_DIR; };
		43250F451E96D69900CB2A89 /* AppDelegate.swift */ = {isa = PBXFileReference; lastKnownFileType = sourcecode.swift; path = AppDelegate.swift; sourceTree = "<group>"; };
		43250F4A1E96D69900CB2A89 /* Base */ = {isa = PBXFileReference; lastKnownFileType = file.storyboard; name = Base; path = Base.lproj/Main.storyboard; sourceTree = "<group>"; };
		43250F4C1E96D69900CB2A89 /* Assets.xcassets */ = {isa = PBXFileReference; lastKnownFileType = folder.assetcatalog; path = Assets.xcassets; sourceTree = "<group>"; };
		43250F4F1E96D69900CB2A89 /* Base */ = {isa = PBXFileReference; lastKnownFileType = file.storyboard; name = Base; path = Base.lproj/LaunchScreen.storyboard; sourceTree = "<group>"; };
		43250F511E96D69900CB2A89 /* Info.plist */ = {isa = PBXFileReference; lastKnownFileType = text.plist.xml; path = Info.plist; sourceTree = "<group>"; };
		8AB40CB2C1A02C6E7BC87DFF /* Pods_OpenSwift.framework */ = {isa = PBXFileReference; explicitFileType = wrapper.framework; includeInIndex = 0; path = Pods_OpenSwift.framework; sourceTree = BUILT_PRODUCTS_DIR; };
		8F8D187E63BB8A66665C7196 /* Pods-OpenSwift.debug.xcconfig */ = {isa = PBXFileReference; includeInIndex = 1; lastKnownFileType = text.xcconfig; name = "Pods-OpenSwift.debug.xcconfig"; path = "Pods/Target Support Files/Pods-OpenSwift/Pods-OpenSwift.debug.xcconfig"; sourceTree = "<group>"; };
		E79885BEE925B31A3BD26730 /* Pods-OpenSwift.release.xcconfig */ = {isa = PBXFileReference; includeInIndex = 1; lastKnownFileType = text.xcconfig; name = "Pods-OpenSwift.release.xcconfig"; path = "Pods/Target Support Files/Pods-OpenSwift/Pods-OpenSwift.release.xcconfig"; sourceTree = "<group>"; };
/* End PBXFileReference section */

/* Begin PBXFrameworksBuildPhase section */
		43250F3F1E96D69900CB2A89 /* Frameworks */ = {
			isa = PBXFrameworksBuildPhase;
			buildActionMask = 2147483647;
			files = (
				B60801CBAD38F61D99EFD7E0 /* Pods_OpenSwift.framework in Frameworks */,
			);
			runOnlyForDeploymentPostprocessing = 0;
		};
/* End PBXFrameworksBuildPhase section */

/* Begin PBXGroup section */
		012FE55A5D8FC3D2581013E8 /* Frameworks */ = {
			isa = PBXGroup;
			children = (
				8AB40CB2C1A02C6E7BC87DFF /* Pods_OpenSwift.framework */,
			);
			name = Frameworks;
			sourceTree = "<group>";
		};
		43250F391E96D69900CB2A89 = {
			isa = PBXGroup;
			children = (
				43250F441E96D69900CB2A89 /* OpenSwift */,
				43250F431E96D69900CB2A89 /* Products */,
				709FE85F5B5B5A531911A0D0 /* Pods */,
				012FE55A5D8FC3D2581013E8 /* Frameworks */,
			);
			sourceTree = "<group>";
		};
		43250F431E96D69900CB2A89 /* Products */ = {
			isa = PBXGroup;
			children = (
				43250F421E96D69900CB2A89 /* OpenSwift.app */,
			);
			name = Products;
			sourceTree = "<group>";
		};
		43250F441E96D69900CB2A89 /* OpenSwift */ = {
			isa = PBXGroup;
			children = (
				43250F451E96D69900CB2A89 /* AppDelegate.swift */,
				43250F491E96D69900CB2A89 /* Main.storyboard */,
				43250F4C1E96D69900CB2A89 /* Assets.xcassets */,
				43250F4E1E96D69900CB2A89 /* LaunchScreen.storyboard */,
				43250F511E96D69900CB2A89 /* Info.plist */,
			);
			path = OpenSwift;
			sourceTree = "<group>";
		};
		709FE85F5B5B5A531911A0D0 /* Pods */ = {
			isa = PBXGroup;
			children = (
				8F8D187E63BB8A66665C7196 /* Pods-OpenSwift.debug.xcconfig */,
				E79885BEE925B31A3BD26730 /* Pods-OpenSwift.release.xcconfig */,
			);
			name = Pods;
			sourceTree = "<group>";
		};
/* End PBXGroup section */

/* Begin PBXNativeTarget section */
		43250F411E96D69900CB2A89 /* OpenSwift */ = {
			isa = PBXNativeTarget;
			buildConfigurationList = 43250F541E96D69900CB2A89 /* Build configuration list for PBXNativeTarget "OpenSwift" */;
			buildPhases = (
				285897A283676B6AA62BB241 /* [CP] Check Pods Manifest.lock */,
				43250F3E1E96D69900CB2A89 /* Sources */,
				43250F3F1E96D69900CB2A89 /* Frameworks */,
				43250F401E96D69900CB2A89 /* Resources */,
				30FB4C6415C85E6C7BB1CCB2 /* [CP] Embed Pods Frameworks */,
				41611D4924DFE5E9F120475A /* [CP] Copy Pods Resources */,
			);
			buildRules = (
			);
			dependencies = (
			);
			name = OpenSwift;
			productName = OpenSwift;
			productReference = 43250F421E96D69900CB2A89 /* OpenSwift.app */;
			productType = "com.apple.product-type.application";
		};
/* End PBXNativeTarget section */

/* Begin PBXProject section */
		43250F3A1E96D69900CB2A89 /* Project object */ = {
			isa = PBXProject;
			attributes = {
				LastSwiftUpdateCheck = 0830;
				LastUpgradeCheck = 0830;
				ORGANIZATIONNAME = "Adam Ahrens";
				TargetAttributes = {
					43250F411E96D69900CB2A89 = {
						CreatedOnToolsVersion = 8.3;
						DevelopmentTeam = DM75P97468;
						ProvisioningStyle = Automatic;
					};
				};
			};
			buildConfigurationList = 43250F3D1E96D69900CB2A89 /* Build configuration list for PBXProject "OpenSwift" */;
			compatibilityVersion = "Xcode 3.2";
			developmentRegion = English;
			hasScannedForEncodings = 0;
			knownRegions = (
				en,
				Base,
			);
			mainGroup = 43250F391E96D69900CB2A89;
			productRefGroup = 43250F431E96D69900CB2A89 /* Products */;
			projectDirPath = "";
			projectRoot = "";
			targets = (
				43250F411E96D69900CB2A89 /* OpenSwift */,
			);
		};
/* End PBXProject section */

/* Begin PBXResourcesBuildPhase section */
		43250F401E96D69900CB2A89 /* Resources */ = {
			isa = PBXResourcesBuildPhase;
			buildActionMask = 2147483647;
			files = (
				43250F501E96D69900CB2A89 /* LaunchScreen.storyboard in Resources */,
				43250F4D1E96D69900CB2A89 /* Assets.xcassets in Resources */,
				43250F4B1E96D69900CB2A89 /* Main.storyboard in Resources */,
			);
			runOnlyForDeploymentPostprocessing = 0;
		};
/* End PBXResourcesBuildPhase section */

/* Begin PBXShellScriptBuildPhase section */
		285897A283676B6AA62BB241 /* [CP] Check Pods Manifest.lock */ = {
			isa = PBXShellScriptBuildPhase;
			buildActionMask = 2147483647;
			files = (
			);
			inputPaths = (
			);
			name = "[CP] Check Pods Manifest.lock";
			outputPaths = (
			);
			runOnlyForDeploymentPostprocessing = 0;
			shellPath = /bin/sh;
			shellScript = "diff \"${PODS_ROOT}/../Podfile.lock\" \"${PODS_ROOT}/Manifest.lock\" > /dev/null\nif [ $? != 0 ] ; then\n    # print error to STDERR\n    echo \"error: The sandbox is not in sync with the Podfile.lock. Run 'pod install' or update your CocoaPods installation.\" >&2\n    exit 1\nfi\n";
			showEnvVarsInLog = 0;
		};
		30FB4C6415C85E6C7BB1CCB2 /* [CP] Embed Pods Frameworks */ = {
			isa = PBXShellScriptBuildPhase;
			buildActionMask = 2147483647;
			files = (
			);
			inputPaths = (
			);
			name = "[CP] Embed Pods Frameworks";
			outputPaths = (
			);
			runOnlyForDeploymentPostprocessing = 0;
			shellPath = /bin/sh;
			shellScript = "\"${SRCROOT}/Pods/Target Support Files/Pods-OpenSwift/Pods-OpenSwift-frameworks.sh\"\n";
			showEnvVarsInLog = 0;
		};
		41611D4924DFE5E9F120475A /* [CP] Copy Pods Resources */ = {
			isa = PBXShellScriptBuildPhase;
			buildActionMask = 2147483647;
			files = (
			);
			inputPaths = (
			);
			name = "[CP] Copy Pods Resources";
			outputPaths = (
			);
			runOnlyForDeploymentPostprocessing = 0;
			shellPath = /bin/sh;
			shellScript = "\"${SRCROOT}/Pods/Target Support Files/Pods-OpenSwift/Pods-OpenSwift-resources.sh\"\n";
			showEnvVarsInLog = 0;
		};
/* End PBXShellScriptBuildPhase section */

/* Begin PBXSourcesBuildPhase section */
		43250F3E1E96D69900CB2A89 /* Sources */ = {
			isa = PBXSourcesBuildPhase;
			buildActionMask = 2147483647;
			files = (
				43250F461E96D69900CB2A89 /* AppDelegate.swift in Sources */,
			);
			runOnlyForDeploymentPostprocessing = 0;
		};
/* End PBXSourcesBuildPhase section */

/* Begin PBXVariantGroup section */
		43250F491E96D69900CB2A89 /* Main.storyboard */ = {
			isa = PBXVariantGroup;
			children = (
				43250F4A1E96D69900CB2A89 /* Base */,
			);
			name = Main.storyboard;
			sourceTree = "<group>";
		};
		43250F4E1E96D69900CB2A89 /* LaunchScreen.storyboard */ = {
			isa = PBXVariantGroup;
			children = (
				43250F4F1E96D69900CB2A89 /* Base */,
			);
			name = LaunchScreen.storyboard;
			sourceTree = "<group>";
		};
/* End PBXVariantGroup section */

/* Begin XCBuildConfiguration section */
		43250F521E96D69900CB2A89 /* Debug */ = {
			isa = XCBuildConfiguration;
			buildSettings = {
				ALWAYS_SEARCH_USER_PATHS = NO;
				CLANG_ANALYZER_NONNULL = YES;
				CLANG_ANALYZER_NUMBER_OBJECT_CONVERSION = YES_AGGRESSIVE;
				CLANG_CXX_LANGUAGE_STANDARD = "gnu++0x";
				CLANG_CXX_LIBRARY = "libc++";
				CLANG_ENABLE_MODULES = YES;
				CLANG_ENABLE_OBJC_ARC = YES;
				CLANG_WARN_BOOL_CONVERSION = YES;
				CLANG_WARN_CONSTANT_CONVERSION = YES;
				CLANG_WARN_DIRECT_OBJC_ISA_USAGE = YES_ERROR;
				CLANG_WARN_DOCUMENTATION_COMMENTS = YES;
				CLANG_WARN_EMPTY_BODY = YES;
				CLANG_WARN_ENUM_CONVERSION = YES;
				CLANG_WARN_INFINITE_RECURSION = YES;
				CLANG_WARN_INT_CONVERSION = YES;
				CLANG_WARN_OBJC_ROOT_CLASS = YES_ERROR;
				CLANG_WARN_SUSPICIOUS_MOVE = YES;
				CLANG_WARN_UNREACHABLE_CODE = YES;
				CLANG_WARN__DUPLICATE_METHOD_MATCH = YES;
				"CODE_SIGN_IDENTITY[sdk=iphoneos*]" = "iPhone Developer";
				COPY_PHASE_STRIP = NO;
				DEBUG_INFORMATION_FORMAT = dwarf;
				ENABLE_STRICT_OBJC_MSGSEND = YES;
				ENABLE_TESTABILITY = YES;
				GCC_C_LANGUAGE_STANDARD = gnu99;
				GCC_DYNAMIC_NO_PIC = NO;
				GCC_NO_COMMON_BLOCKS = YES;
				GCC_OPTIMIZATION_LEVEL = 0;
				GCC_PREPROCESSOR_DEFINITIONS = (
					"DEBUG=1",
					"$(inherited)",
				);
				GCC_WARN_64_TO_32_BIT_CONVERSION = YES;
				GCC_WARN_ABOUT_RETURN_TYPE = YES_ERROR;
				GCC_WARN_UNDECLARED_SELECTOR = YES;
				GCC_WARN_UNINITIALIZED_AUTOS = YES_AGGRESSIVE;
				GCC_WARN_UNUSED_FUNCTION = YES;
				GCC_WARN_UNUSED_VARIABLE = YES;
				IPHONEOS_DEPLOYMENT_TARGET = 10.3;
				MTL_ENABLE_DEBUG_INFO = YES;
				ONLY_ACTIVE_ARCH = YES;
				SDKROOT = iphoneos;
				SWIFT_ACTIVE_COMPILATION_CONDITIONS = DEBUG;
				SWIFT_OPTIMIZATION_LEVEL = "-Onone";
			};
			name = Debug;
		};
		43250F531E96D69900CB2A89 /* Release */ = {
			isa = XCBuildConfiguration;
			buildSettings = {
				ALWAYS_SEARCH_USER_PATHS = NO;
				CLANG_ANALYZER_NONNULL = YES;
				CLANG_ANALYZER_NUMBER_OBJECT_CONVERSION = YES_AGGRESSIVE;
				CLANG_CXX_LANGUAGE_STANDARD = "gnu++0x";
				CLANG_CXX_LIBRARY = "libc++";
				CLANG_ENABLE_MODULES = YES;
				CLANG_ENABLE_OBJC_ARC = YES;
				CLANG_WARN_BOOL_CONVERSION = YES;
				CLANG_WARN_CONSTANT_CONVERSION = YES;
				CLANG_WARN_DIRECT_OBJC_ISA_USAGE = YES_ERROR;
				CLANG_WARN_DOCUMENTATION_COMMENTS = YES;
				CLANG_WARN_EMPTY_BODY = YES;
				CLANG_WARN_ENUM_CONVERSION = YES;
				CLANG_WARN_INFINITE_RECURSION = YES;
				CLANG_WARN_INT_CONVERSION = YES;
				CLANG_WARN_OBJC_ROOT_CLASS = YES_ERROR;
				CLANG_WARN_SUSPICIOUS_MOVE = YES;
				CLANG_WARN_UNREACHABLE_CODE = YES;
				CLANG_WARN__DUPLICATE_METHOD_MATCH = YES;
				"CODE_SIGN_IDENTITY[sdk=iphoneos*]" = "iPhone Developer";
				COPY_PHASE_STRIP = NO;
				DEBUG_INFORMATION_FORMAT = "dwarf-with-dsym";
				ENABLE_NS_ASSERTIONS = NO;
				ENABLE_STRICT_OBJC_MSGSEND = YES;
				GCC_C_LANGUAGE_STANDARD = gnu99;
				GCC_NO_COMMON_BLOCKS = YES;
				GCC_WARN_64_TO_32_BIT_CONVERSION = YES;
				GCC_WARN_ABOUT_RETURN_TYPE = YES_ERROR;
				GCC_WARN_UNDECLARED_SELECTOR = YES;
				GCC_WARN_UNINITIALIZED_AUTOS = YES_AGGRESSIVE;
				GCC_WARN_UNUSED_FUNCTION = YES;
				GCC_WARN_UNUSED_VARIABLE = YES;
				IPHONEOS_DEPLOYMENT_TARGET = 10.3;
				MTL_ENABLE_DEBUG_INFO = NO;
				SDKROOT = iphoneos;
				SWIFT_OPTIMIZATION_LEVEL = "-Owholemodule";
				VALIDATE_PRODUCT = YES;
			};
			name = Release;
		};
		43250F551E96D69900CB2A89 /* Debug */ = {
			isa = XCBuildConfiguration;
			baseConfigurationReference = 8F8D187E63BB8A66665C7196 /* Pods-OpenSwift.debug.xcconfig */;
			buildSettings = {
				ASSETCATALOG_COMPILER_APPICON_NAME = AppIcon;
				DEVELOPMENT_TEAM = DM75P97468;
				INFOPLIST_FILE = OpenSwift/Info.plist;
				LD_RUNPATH_SEARCH_PATHS = "$(inherited) @executable_path/Frameworks";
				PRODUCT_BUNDLE_IDENTIFIER = appsbyahrens.OpenSwift;
				PRODUCT_NAME = "$(TARGET_NAME)";
				SWIFT_VERSION = 3.0;
			};
			name = Debug;
		};
		43250F561E96D69900CB2A89 /* Release */ = {
			isa = XCBuildConfiguration;
			baseConfigurationReference = E79885BEE925B31A3BD26730 /* Pods-OpenSwift.release.xcconfig */;
			buildSettings = {
				ASSETCATALOG_COMPILER_APPICON_NAME = AppIcon;
				DEVELOPMENT_TEAM = DM75P97468;
				INFOPLIST_FILE = OpenSwift/Info.plist;
				LD_RUNPATH_SEARCH_PATHS = "$(inherited) @executable_path/Frameworks";
				PRODUCT_BUNDLE_IDENTIFIER = appsbyahrens.OpenSwift;
				PRODUCT_NAME = "$(TARGET_NAME)";
				SWIFT_VERSION = 3.0;
			};
			name = Release;
		};
/* End XCBuildConfiguration section */

/* Begin XCConfigurationList section */
		43250F3D1E96D69900CB2A89 /* Build configuration list for PBXProject "OpenSwift" */ = {
			isa = XCConfigurationList;
			buildConfigurations = (
				43250F521E96D69900CB2A89 /* Debug */,
				43250F531E96D69900CB2A89 /* Release */,
			);
			defaultConfigurationIsVisible = 0;
			defaultConfigurationName = Release;
		};
		43250F541E96D69900CB2A89 /* Build configuration list for PBXNativeTarget "OpenSwift" */ = {
			isa = XCConfigurationList;
			buildConfigurations = (
				43250F551E96D69900CB2A89 /* Debug */,
				43250F561E96D69900CB2A89 /* Release */,
			);
			defaultConfigurationIsVisible = 0;
			defaultConfigurationName = Release;
		};
/* End XCConfigurationList section */
	};
	rootObject = 43250F3A1E96D69900CB2A89 /* Project object */;
}
